{
    "_readme": [
        "This file locks the dependencies of your project to a known state",
        "Read more about it at https://getcomposer.org/doc/01-basic-usage.md#installing-dependencies",
        "This file is @generated automatically"
    ],
    "content-hash": "0964a294f39e5b7a0f54d3852992e164",
    "packages": [
        {
            "name": "bedivierre/craftsman",
            "version": "dev-master",
            "source": {
                "type": "git",
                "url": "https://github.com/Bedivierre/Craftsman.git",
                "reference": "faba3507de782e4304d57849ab1c341d2bcc6399"
            },
            "dist": {
                "type": "zip",
                "url": "https://api.github.com/repos/Bedivierre/Craftsman/zipball/faba3507de782e4304d57849ab1c341d2bcc6399",
                "reference": "faba3507de782e4304d57849ab1c341d2bcc6399",
                "shasum": ""
            },
            "require": {
                "ext-curl": "*",
                "ext-json": "*",
                "ext-mbstring": "*",
                "php": ">=7.1"
            },
            "type": "library",
            "autoload": {
                "psr-4": {
                    "Bedivierre\\Craftsman\\": "src/",
                    "Bedivierre\\Craftsman\\Masonry\\": "src/DOM/",
                    "Bedivierre\\Craftsman\\Appraise\\": "src/DataAssert/",
                    "Bedivierre\\Craftsman\\Poetry\\": "src/String/",
                    "Bedivierre\\Craftsman\\Aqueduct\\": "src/DataTransport/",
                    "Bedivierre\\Craftsman\\Aqueduct\\Flow\\": "src/DataTransport/Transport/",
                    "Bedivierre\\Craftsman\\Cartography\\": "src/Routing/"
                }
            },
            "notification-url": "https://packagist.org/downloads/",
            "license": [
                "MIT"
            ],
            "authors": [
                {
                    "name": "Bedivierre",
                    "email": "dev@bedivierre.com"
                }
            ],
            "description": "Comprehensive class library",
            "time": "2020-08-04T12:55:42+00:00"
        }
    ],
    "packages-dev": [],
    "aliases": [],
    "minimum-stability": "stable",
    "stability-flags": {
        "bedivierre/craftsman": 20
    },
    "prefer-stable": false,
    "prefer-lowest": false,
    "platform": {
        "php": ">=7.1"
    },
    "platform-dev": []
}
